
Microsoft Visual Studio Solution File, Format Version 12.00
# Visual Studio Version 17
VisualStudioVersion = 17.5.33414.496
MinimumVisualStudioVersion = 10.0.40219.1
Project("{FAE04EC0-301F-11D3-BF4B-00C04F79EFBC}") = "Nubeo_MessageService", "Nubeo_MessageService.csproj", "{7D38F219-097F-41EF-88FE-CE06B383556B}"
EndProject
Global
	GlobalSection(SolutionConfigurationPlatforms) = preSolution
		Debug|Any CPU = Debug|Any CPU
		Release|Any CPU = Release|Any CPU
	EndGlobalSection
	GlobalSection(ProjectConfigurationPlatforms) = postSolution
		{7D38F219-097F-41EF-88FE-CE06B383556B}.Debug|Any CPU.ActiveCfg = Release|Any CPU
		{7D38F219-097F-41EF-88FE-CE06B383556B}.Debug|Any CPU.Build.0 = Release|Any CPU
		{7D38F219-097F-41EF-88FE-CE06B383556B}.Release|Any CPU.ActiveCfg = Release|Any CPU
		{7D38F219-097F-41EF-88FE-CE06B383556B}.Release|Any CPU.Build.0 = Release|Any CPU
	EndGlobalSection
	GlobalSection(SolutionProperties) = preSolution
		HideSolutionNode = FALSE
	EndGlobalSection
	GlobalSection(ExtensibilityGlobals) = postSolution
		SolutionGuid = {48A64770-1E57-4831-AA07-4DD6A3225421}
	EndGlobalSection
EndGlobal
